
Microsoft Visual Studio Solution File, Format Version 12.00
# Visual Studio 2017
Project("{FAE04EC0-301F-11D3-BF4B-00C04F79EFBC}") = "Bust a Move! Twist", "Bust a Move! Twist.csproj", "{319FAF4B-AE09-41EA-D4AB-921F2F5027EB}"
EndProject
Global
	GlobalSection(SolutionConfigurationPlatforms) = preSolution
		Debug|Any CPU = Debug|Any CPU
		Release|Any CPU = Release|Any CPU
	EndGlobalSection
	GlobalSection(ProjectConfigurationPlatforms) = postSolution
		{319FAF4B-AE09-41EA-D4AB-921F2F5027EB}.Debug|Any CPU.ActiveCfg = Debug|Any CPU
		{319FAF4B-AE09-41EA-D4AB-921F2F5027EB}.Debug|Any CPU.Build.0 = Debug|Any CPU
		{319FAF4B-AE09-41EA-D4AB-921F2F5027EB}.Release|Any CPU.ActiveCfg = Release|Any CPU
		{319FAF4B-AE09-41EA-D4AB-921F2F5027EB}.Release|Any CPU.Build.0 = Release|Any CPU
	EndGlobalSection
	GlobalSection(SolutionProperties) = preSolution
		HideSolutionNode = FALSE
	EndGlobalSection
EndGlobal
